# THIS IS AN AUTOGENERATED FILE. DO NOT EDIT THIS FILE DIRECTLY.
# yarn lockfile v1


angular-animate@1.4.0:
  version "1.4.0"
  resolved "https://registry.yarnpkg.com/angular-animate/-/angular-animate-1.4.0.tgz#5c1ffaa9a9bfb5bd6e9be788c6c58c822513ba70"

angular-aria@1.4.0:
  version "1.4.0"
  resolved "https://registry.yarnpkg.com/angular-aria/-/angular-aria-1.4.0.tgz#dad885aef3df1a644ed3dd824bb853a6b098bb73"

angular-breadcrumb@^0.5.0:
  version "0.5.0"
  resolved "https://registry.yarnpkg.com/angular-breadcrumb/-/angular-breadcrumb-0.5.0.tgz#058abe6984f1b82ff6ac37888ef9afccbc8f63b2"

angular-route@1.4.0:
  version "1.4.0"
  resolved "https://registry.yarnpkg.com/angular-route/-/angular-route-1.4.0.tgz#59800031e16ffa1c4bc1ffbcc703f7f41727cec2"

angular-smart-table@2.1.8:
  version "2.1.8"
  resolved "https://registry.yarnpkg.com/angular-smart-table/-/angular-smart-table-2.1.8.tgz#521f32a465e7334e073c5c1ae093c59c2b8fca50"

angular-ui-router@0.2.8:
  version "0.2.8"
  resolved "https://registry.yarnpkg.com/angular-ui-router/-/angular-ui-router-0.2.8.tgz#b26510495819dd46f925234b8d5d17a1ce4937b9"

angular@1.4.0:
  version "1.4.0"
  resolved "https://registry.yarnpkg.com/angular/-/angular-1.4.0.tgz#ca4b05ce749dd40662c0d066921f2d01a9c82a13"

moment@^2.19.1:
  version "2.19.1"
  resolved "https://registry.yarnpkg.com/moment/-/moment-2.19.1.tgz#56da1a2d1cbf01d38b7e1afc31c10bcfa1929167"
